
Microsoft Visual Studio Solution File, Format Version 12.00
# Visual Studio 15
VisualStudioVersion = 15.0.28010.2050
MinimumVisualStudioVersion = 10.0.40219.1
Project("{FAE04EC0-301F-11D3-BF4B-00C04F79EFBC}") = "JsonWebToken", "JsonWebToken\JsonWebToken.csproj", "{4A4FA8DF-4E94-4AA4-A6F0-69C0F68C322C}"
EndProject
Project("{FAE04EC0-301F-11D3-BF4B-00C04F79EFBC}") = "JWT", "JWT\JWT.csproj", "{BC6C5653-3E26-4718-A6A2-EE854F7D120E}"
EndProject
Project("{FAE04EC0-301F-11D3-BF4B-00C04F79EFBC}") = "JwtThroughDelegatingHandler", "JwtThroughDelegatingHandler\JwtThroughDelegatingHandler.csproj", "{89401826-2189-4CF4-8CF1-F4F4E2115A43}"
EndProject
Project("{FAE04EC0-301F-11D3-BF4B-00C04F79EFBC}") = "RecapClaimsBasedIdentity", "RecapClaimsBasedIdentity\RecapClaimsBasedIdentity.csproj", "{1BA31D31-573F-4F17-801C-B1BC0C867A09}"
EndProject
Project("{FAE04EC0-301F-11D3-BF4B-00C04F79EFBC}") = "AuthNfilter", "AuthNfilter\AuthNfilter.csproj", "{C3A258CC-A5F3-4F1B-B990-15F9DCDD4BB9}"
EndProject
Project("{FAE04EC0-301F-11D3-BF4B-00C04F79EFBC}") = "AuthNFilter2", "AuthNFilter2\AuthNFilter2.csproj", "{0887D0AF-FF4C-445B-949D-693AB5BA429F}"
EndProject
Global
	GlobalSection(SolutionConfigurationPlatforms) = preSolution
		Debug|Any CPU = Debug|Any CPU
		Release|Any CPU = Release|Any CPU
	EndGlobalSection
	GlobalSection(ProjectConfigurationPlatforms) = postSolution
		{4A4FA8DF-4E94-4AA4-A6F0-69C0F68C322C}.Debug|Any CPU.ActiveCfg = Debug|Any CPU
		{4A4FA8DF-4E94-4AA4-A6F0-69C0F68C322C}.Debug|Any CPU.Build.0 = Debug|Any CPU
		{4A4FA8DF-4E94-4AA4-A6F0-69C0F68C322C}.Release|Any CPU.ActiveCfg = Release|Any CPU
		{4A4FA8DF-4E94-4AA4-A6F0-69C0F68C322C}.Release|Any CPU.Build.0 = Release|Any CPU
		{BC6C5653-3E26-4718-A6A2-EE854F7D120E}.Debug|Any CPU.ActiveCfg = Debug|Any CPU
		{BC6C5653-3E26-4718-A6A2-EE854F7D120E}.Debug|Any CPU.Build.0 = Debug|Any CPU
		{BC6C5653-3E26-4718-A6A2-EE854F7D120E}.Release|Any CPU.ActiveCfg = Release|Any CPU
		{BC6C5653-3E26-4718-A6A2-EE854F7D120E}.Release|Any CPU.Build.0 = Release|Any CPU
		{89401826-2189-4CF4-8CF1-F4F4E2115A43}.Debug|Any CPU.ActiveCfg = Debug|Any CPU
		{89401826-2189-4CF4-8CF1-F4F4E2115A43}.Debug|Any CPU.Build.0 = Debug|Any CPU
		{89401826-2189-4CF4-8CF1-F4F4E2115A43}.Release|Any CPU.ActiveCfg = Release|Any CPU
		{89401826-2189-4CF4-8CF1-F4F4E2115A43}.Release|Any CPU.Build.0 = Release|Any CPU
		{1BA31D31-573F-4F17-801C-B1BC0C867A09}.Debug|Any CPU.ActiveCfg = Debug|Any CPU
		{1BA31D31-573F-4F17-801C-B1BC0C867A09}.Debug|Any CPU.Build.0 = Debug|Any CPU
		{1BA31D31-573F-4F17-801C-B1BC0C867A09}.Release|Any CPU.ActiveCfg = Release|Any CPU
		{1BA31D31-573F-4F17-801C-B1BC0C867A09}.Release|Any CPU.Build.0 = Release|Any CPU
		{C3A258CC-A5F3-4F1B-B990-15F9DCDD4BB9}.Debug|Any CPU.ActiveCfg = Debug|Any CPU
		{C3A258CC-A5F3-4F1B-B990-15F9DCDD4BB9}.Debug|Any CPU.Build.0 = Debug|Any CPU
		{C3A258CC-A5F3-4F1B-B990-15F9DCDD4BB9}.Release|Any CPU.ActiveCfg = Release|Any CPU
		{C3A258CC-A5F3-4F1B-B990-15F9DCDD4BB9}.Release|Any CPU.Build.0 = Release|Any CPU
		{0887D0AF-FF4C-445B-949D-693AB5BA429F}.Debug|Any CPU.ActiveCfg = Debug|Any CPU
		{0887D0AF-FF4C-445B-949D-693AB5BA429F}.Debug|Any CPU.Build.0 = Debug|Any CPU
		{0887D0AF-FF4C-445B-949D-693AB5BA429F}.Release|Any CPU.ActiveCfg = Release|Any CPU
		{0887D0AF-FF4C-445B-949D-693AB5BA429F}.Release|Any CPU.Build.0 = Release|Any CPU
	EndGlobalSection
	GlobalSection(SolutionProperties) = preSolution
		HideSolutionNode = FALSE
	EndGlobalSection
	GlobalSection(ExtensibilityGlobals) = postSolution
		SolutionGuid = {BDF140BE-6D66-40EF-832B-F26CED876F9F}
	EndGlobalSection
EndGlobal
